
Microsoft Visual Studio Solution File, Format Version 12.00
# Visual Studio 15
VisualStudioVersion = 15.0.28307.168
MinimumVisualStudioVersion = 10.0.40219.1
Project("{FAE04EC0-301F-11D3-BF4B-00C04F79EFBC}") = "Star Citizen Item Viewer", "..\..\Star Citizen Calculator\Star Citizen Calculator\Star Citizen Item Viewer.csproj", "{ED1F3154-4456-4EA1-A6E8-EFAA95272B47}"
EndProject
Global
	GlobalSection(SolutionConfigurationPlatforms) = preSolution
		Debug|Any CPU = Debug|Any CPU
		Release|Any CPU = Release|Any CPU
	EndGlobalSection
	GlobalSection(ProjectConfigurationPlatforms) = postSolution
		{ED1F3154-4456-4EA1-A6E8-EFAA95272B47}.Debug|Any CPU.ActiveCfg = Debug|Any CPU
		{ED1F3154-4456-4EA1-A6E8-EFAA95272B47}.Debug|Any CPU.Build.0 = Debug|Any CPU
		{ED1F3154-4456-4EA1-A6E8-EFAA95272B47}.Release|Any CPU.ActiveCfg = Release|Any CPU
		{ED1F3154-4456-4EA1-A6E8-EFAA95272B47}.Release|Any CPU.Build.0 = Release|Any CPU
	EndGlobalSection
	GlobalSection(SolutionProperties) = preSolution
		HideSolutionNode = FALSE
	EndGlobalSection
	GlobalSection(ExtensibilityGlobals) = postSolution
		SolutionGuid = {F9B3A8E2-EF5E-4D68-951D-5A00C7E8FB72}
	EndGlobalSection
EndGlobal
